// !$*UTF8*$!
{
	archiveVersion = 1;
	classes = {
	};
	objectVersion = 48;
	objects = {

/* Begin PBXBuildFile section */
		3C9E4DDF1F56C550002ABA7F /* AppDelegate.swift in Sources */ = {isa = PBXBuildFile; fileRef = 3C9E4DDE1F56C550002ABA7F /* AppDelegate.swift */; };
		3C9E4DE11F56C550002ABA7F /* ViewController.swift in Sources */ = {isa = PBXBuildFile; fileRef = 3C9E4DE01F56C550002ABA7F /* ViewController.swift */; };
		3C9E4DE41F56C550002ABA7F /* Main.storyboard in Resources */ = {isa = PBXBuildFile; fileRef = 3C9E4DE21F56C550002ABA7F /* Main.storyboard */; };
		3C9E4DE61F56C550002ABA7F /* Assets.xcassets in Resources */ = {isa = PBXBuildFile; fileRef = 3C9E4DE51F56C550002ABA7F /* Assets.xcassets */; };
		3C9E4DE91F56C550002ABA7F /* LaunchScreen.storyboard in Resources */ = {isa = PBXBuildFile; fileRef = 3C9E4DE71F56C550002ABA7F /* LaunchScreen.storyboard */; };
		3C9E4DF41F56C550002ABA7F /* PokemonTests.swift in Sources */ = {isa = PBXBuildFile; fileRef = 3C9E4DF31F56C550002ABA7F /* PokemonTests.swift */; };
/* End PBXBuildFile section */

/* Begin PBXContainerItemProxy section */
		3C9E4DF01F56C550002ABA7F /* PBXContainerItemProxy */ = {
			isa = PBXContainerItemProxy;
			containerPortal = 3C9E4DD31F56C550002ABA7F /* Project object */;
			proxyType = 1;
			remoteGlobalIDString = 3C9E4DDA1F56C550002ABA7F;
			remoteInfo = Pokemon;
		};
/* End PBXContainerItemProxy section */

/* Begin PBXFileReference section */
		3C9E4DDB1F56C550002ABA7F /* Pokemon.app */ = {isa = PBXFileReference; explicitFileType = wrapper.application; includeInIndex = 0; path = Pokemon.app; sourceTree = BUILT_PRODUCTS_DIR; };
		3C9E4DDE1F56C550002ABA7F /* AppDelegate.swift */ = {isa = PBXFileReference; lastKnownFileType = sourcecode.swift; path = AppDelegate.swift; sourceTree = "<group>"; };
		3C9E4DE01F56C550002ABA7F /* ViewController.swift */ = {isa = PBXFileReference; lastKnownFileType = sourcecode.swift; path = ViewController.swift; sourceTree = "<group>"; };
		3C9E4DE31F56C550002ABA7F /* Base */ = {isa = PBXFileReference; lastKnownFileType = file.storyboard; name = Base; path = Base.lproj/Main.storyboard; sourceTree = "<group>"; };
		3C9E4DE51F56C550002ABA7F /* Assets.xcassets */ = {isa = PBXFileReference; lastKnownFileType = folder.assetcatalog; path = Assets.xcassets; sourceTree = "<group>"; };
		3C9E4DE81F56C550002ABA7F /* Base */ = {isa = PBXFileReference; lastKnownFileType = file.storyboard; name = Base; path = Base.lproj/LaunchScreen.storyboard; sourceTree = "<group>"; };
		3C9E4DEA1F56C550002ABA7F /* Info.plist */ = {isa = PBXFileReference; lastKnownFileType = text.plist.xml; path = Info.plist; sourceTree = "<group>"; };
		3C9E4DEF1F56C550002ABA7F /* PokemonTests.xctest */ = {isa = PBXFileReference; explicitFileType = wrapper.cfbundle; includeInIndex = 0; path = PokemonTests.xctest; sourceTree = BUILT_PRODUCTS_DIR; };
		3C9E4DF31F56C550002ABA7F /* PokemonTests.swift */ = {isa = PBXFileReference; lastKnownFileType = sourcecode.swift; path = PokemonTests.swift; sourceTree = "<group>"; };
		3C9E4DF51F56C550002ABA7F /* Info.plist */ = {isa = PBXFileReference; lastKnownFileType = text.plist.xml; path = Info.plist; sourceTree = "<group>"; };
/* End PBXFileReference section */

/* Begin PBXFrameworksBuildPhase section */
		3C9E4DD81F56C550002ABA7F /* Frameworks */ = {
			isa = PBXFrameworksBuildPhase;
			buildActionMask = 2147483647;
			files = (
			);
			runOnlyForDeploymentPostprocessing = 0;
		};
		3C9E4DEC1F56C550002ABA7F /* Frameworks */ = {
			isa = PBXFrameworksBuildPhase;
			buildActionMask = 2147483647;
			files = (
			);
			runOnlyForDeploymentPostprocessing = 0;
		};
/* End PBXFrameworksBuildPhase section */

/* Begin PBXGroup section */
		3C9E4DD21F56C550002ABA7F = {
			isa = PBXGroup;
			children = (
				3C9E4DDD1F56C550002ABA7F /* Pokemon */,
				3C9E4DF21F56C550002ABA7F /* PokemonTests */,
				3C9E4DDC1F56C550002ABA7F /* Products */,
			);
			sourceTree = "<group>";
		};
		3C9E4DDC1F56C550002ABA7F /* Products */ = {
			isa = PBXGroup;
			children = (
				3C9E4DDB1F56C550002ABA7F /* Pokemon.app */,
				3C9E4DEF1F56C550002ABA7F /* PokemonTests.xctest */,
			);
			name = Products;
			sourceTree = "<group>";
		};
		3C9E4DDD1F56C550002ABA7F /* Pokemon */ = {
			isa = PBXGroup;
			children = (
				3C9E4DDE1F56C550002ABA7F /* AppDelegate.swift */,
				3C9E4DE01F56C550002ABA7F /* ViewController.swift */,
				3C9E4DE21F56C550002ABA7F /* Main.storyboard */,
				3C9E4DE51F56C550002ABA7F /* Assets.xcassets */,
				3C9E4DE71F56C550002ABA7F /* LaunchScreen.storyboard */,
				3C9E4DEA1F56C550002ABA7F /* Info.plist */,
			);
			path = Pokemon;
			sourceTree = "<group>";
		};
		3C9E4DF21F56C550002ABA7F /* PokemonTests */ = {
			isa = PBXGroup;
			children = (
				3C9E4DF31F56C550002ABA7F /* PokemonTests.swift */,
				3C9E4DF51F56C550002ABA7F /* Info.plist */,
			);
			path = PokemonTests;
			sourceTree = "<group>";
		};
/* End PBXGroup section */

/* Begin PBXNativeTarget section */
		3C9E4DDA1F56C550002ABA7F /* Pokemon */ = {
			isa = PBXNativeTarget;
			buildConfigurationList = 3C9E4DF81F56C550002ABA7F /* Build configuration list for PBXNativeTarget "Pokemon" */;
			buildPhases = (
				3C9E4DD71F56C550002ABA7F /* Sources */,
				3C9E4DD81F56C550002ABA7F /* Frameworks */,
				3C9E4DD91F56C550002ABA7F /* Resources */,
			);
			buildRules = (
			);
			dependencies = (
			);
			name = Pokemon;
			productName = Pokemon;
			productReference = 3C9E4DDB1F56C550002ABA7F /* Pokemon.app */;
			productType = "com.apple.product-type.application";
		};
		3C9E4DEE1F56C550002ABA7F /* PokemonTests */ = {
			isa = PBXNativeTarget;
			buildConfigurationList = 3C9E4DFB1F56C550002ABA7F /* Build configuration list for PBXNativeTarget "PokemonTests" */;
			buildPhases = (
				3C9E4DEB1F56C550002ABA7F /* Sources */,
				3C9E4DEC1F56C550002ABA7F /* Frameworks */,
				3C9E4DED1F56C550002ABA7F /* Resources */,
			);
			buildRules = (
			);
			dependencies = (
				3C9E4DF11F56C550002ABA7F /* PBXTargetDependency */,
			);
			name = PokemonTests;
			productName = PokemonTests;
			productReference = 3C9E4DEF1F56C550002ABA7F /* PokemonTests.xctest */;
			productType = "com.apple.product-type.bundle.unit-test";
		};
/* End PBXNativeTarget section */

/* Begin PBXProject section */
		3C9E4DD31F56C550002ABA7F /* Project object */ = {
			isa = PBXProject;
			attributes = {
				LastSwiftUpdateCheck = 0900;
				LastUpgradeCheck = 0900;
				ORGANIZATIONNAME = danwallacenz;
				TargetAttributes = {
					3C9E4DDA1F56C550002ABA7F = {
						CreatedOnToolsVersion = 9.0;
						ProvisioningStyle = Automatic;
					};
					3C9E4DEE1F56C550002ABA7F = {
						CreatedOnToolsVersion = 9.0;
						ProvisioningStyle = Automatic;
						TestTargetID = 3C9E4DDA1F56C550002ABA7F;
					};
				};
			};
			buildConfigurationList = 3C9E4DD61F56C550002ABA7F /* Build configuration list for PBXProject "Pokemon" */;
			compatibilityVersion = "Xcode 8.0";
			developmentRegion = en;
			hasScannedForEncodings = 0;
			knownRegions = (
				en,
				Base,
			);
			mainGroup = 3C9E4DD21F56C550002ABA7F;
			productRefGroup = 3C9E4DDC1F56C550002ABA7F /* Products */;
			projectDirPath = "";
			projectRoot = "";
			targets = (
				3C9E4DDA1F56C550002ABA7F /* Pokemon */,
				3C9E4DEE1F56C550002ABA7F /* PokemonTests */,
			);
		};
/* End PBXProject section */

/* Begin PBXResourcesBuildPhase section */
		3C9E4DD91F56C550002ABA7F /* Resources */ = {
			isa = PBXResourcesBuildPhase;
			buildActionMask = 2147483647;
			files = (
				3C9E4DE91F56C550002ABA7F /* LaunchScreen.storyboard in Resources */,
				3C9E4DE61F56C550002ABA7F /* Assets.xcassets in Resources */,
				3C9E4DE41F56C550002ABA7F /* Main.storyboard in Resources */,
			);
			runOnlyForDeploymentPostprocessing = 0;
		};
		3C9E4DED1F56C550002ABA7F /* Resources */ = {
			isa = PBXResourcesBuildPhase;
			buildActionMask = 2147483647;
			files = (
			);
			runOnlyForDeploymentPostprocessing = 0;
		};
/* End PBXResourcesBuildPhase section */

/* Begin PBXSourcesBuildPhase section */
		3C9E4DD71F56C550002ABA7F /* Sources */ = {
			isa = PBXSourcesBuildPhase;
			buildActionMask = 2147483647;
			files = (
				3C9E4DE11F56C550002ABA7F /* ViewController.swift in Sources */,
				3C9E4DDF1F56C550002ABA7F /* AppDelegate.swift in Sources */,
			);
			runOnlyForDeploymentPostprocessing = 0;
		};
		3C9E4DEB1F56C550002ABA7F /* Sources */ = {
			isa = PBXSourcesBuildPhase;
			buildActionMask = 2147483647;
			files = (
				3C9E4DF41F56C550002ABA7F /* PokemonTests.swift in Sources */,
			);
			runOnlyForDeploymentPostprocessing = 0;
		};
/* End PBXSourcesBuildPhase section */

/* Begin PBXTargetDependency section */
		3C9E4DF11F56C550002ABA7F /* PBXTargetDependency */ = {
			isa = PBXTargetDependency;
			target = 3C9E4DDA1F56C550002ABA7F /* Pokemon */;
			targetProxy = 3C9E4DF01F56C550002ABA7F /* PBXContainerItemProxy */;
		};
/* End PBXTargetDependency section */

/* Begin PBXVariantGroup section */
		3C9E4DE21F56C550002ABA7F /* Main.storyboard */ = {
			isa = PBXVariantGroup;
			children = (
				3C9E4DE31F56C550002ABA7F /* Base */,
			);
			name = Main.storyboard;
			sourceTree = "<group>";
		};
		3C9E4DE71F56C550002ABA7F /* LaunchScreen.storyboard */ = {
			isa = PBXVariantGroup;
			children = (
				3C9E4DE81F56C550002ABA7F /* Base */,
			);
			name = LaunchScreen.storyboard;
			sourceTree = "<group>";
		};
/* End PBXVariantGroup section */

/* Begin XCBuildConfiguration section */
		3C9E4DF61F56C550002ABA7F /* Debug */ = {
			isa = XCBuildConfiguration;
			buildSettings = {
				ALWAYS_SEARCH_USER_PATHS = NO;
				CLANG_ANALYZER_NONNULL = YES;
				CLANG_ANALYZER_NUMBER_OBJECT_CONVERSION = YES_AGGRESSIVE;
				CLANG_CXX_LANGUAGE_STANDARD = "gnu++14";
				CLANG_CXX_LIBRARY = "libc++";
				CLANG_ENABLE_MODULES = YES;
				CLANG_ENABLE_OBJC_ARC = YES;
				CLANG_WARN_BLOCK_CAPTURE_AUTORELEASING = YES;
				CLANG_WARN_BOOL_CONVERSION = YES;
				CLANG_WARN_COMMA = YES;
				CLANG_WARN_CONSTANT_CONVERSION = YES;
				CLANG_WARN_DIRECT_OBJC_ISA_USAGE = YES_ERROR;
				CLANG_WARN_DOCUMENTATION_COMMENTS = YES;
				CLANG_WARN_EMPTY_BODY = YES;
				CLANG_WARN_ENUM_CONVERSION = YES;
				CLANG_WARN_INFINITE_RECURSION = YES;
				CLANG_WARN_INT_CONVERSION = YES;
				CLANG_WARN_NON_LITERAL_NULL_CONVERSION = YES;
				CLANG_WARN_OBJC_LITERAL_CONVERSION = YES;
				CLANG_WARN_OBJC_ROOT_CLASS = YES_ERROR;
				CLANG_WARN_RANGE_LOOP_ANALYSIS = YES;
				CLANG_WARN_STRICT_PROTOTYPES = YES;
				CLANG_WARN_SUSPICIOUS_MOVE = YES;
				CLANG_WARN_UNGUARDED_AVAILABILITY = YES_AGGRESSIVE;
				CLANG_WARN_UNREACHABLE_CODE = YES;
				CLANG_WARN__DUPLICATE_METHOD_MATCH = YES;
				CODE_SIGN_IDENTITY = "iPhone Developer";
				COPY_PHASE_STRIP = NO;
				DEBUG_INFORMATION_FORMAT = dwarf;
				ENABLE_STRICT_OBJC_MSGSEND = YES;
				ENABLE_TESTABILITY = YES;
				GCC_C_LANGUAGE_STANDARD = gnu11;
				GCC_DYNAMIC_NO_PIC = NO;
				GCC_NO_COMMON_BLOCKS = YES;
				GCC_OPTIMIZATION_LEVEL = 0;
				GCC_PREPROCESSOR_DEFINITIONS = (
					"DEBUG=1",
					"$(inherited)",
				);
				GCC_WARN_64_TO_32_BIT_CONVERSION = YES;
				GCC_WARN_ABOUT_RETURN_TYPE = YES_ERROR;
				GCC_WARN_UNDECLARED_SELECTOR = YES;
				GCC_WARN_UNINITIALIZED_AUTOS = YES_AGGRESSIVE;
				GCC_WARN_UNUSED_FUNCTION = YES;
				GCC_WARN_UNUSED_VARIABLE = YES;
				IPHONEOS_DEPLOYMENT_TARGET = 10.0;
				MTL_ENABLE_DEBUG_INFO = YES;
				ONLY_ACTIVE_ARCH = YES;
				SDKROOT = iphoneos;
				SWIFT_ACTIVE_COMPILATION_CONDITIONS = DEBUG;
				SWIFT_OPTIMIZATION_LEVEL = "-Onone";
			};
			name = Debug;
		};
		3C9E4DF71F56C550002ABA7F /* Release */ = {
			isa = XCBuildConfiguration;
			buildSettings = {
				ALWAYS_SEARCH_USER_PATHS = NO;
				CLANG_ANALYZER_NONNULL = YES;
				CLANG_ANALYZER_NUMBER_OBJECT_CONVERSION = YES_AGGRESSIVE;
				CLANG_CXX_LANGUAGE_STANDARD = "gnu++14";
				CLANG_CXX_LIBRARY = "libc++";
				CLANG_ENABLE_MODULES = YES;
				CLANG_ENABLE_OBJC_ARC = YES;
				CLANG_WARN_BLOCK_CAPTURE_AUTORELEASING = YES;
				CLANG_WARN_BOOL_CONVERSION = YES;
				CLANG_WARN_COMMA = YES;
				CLANG_WARN_CONSTANT_CONVERSION = YES;
				CLANG_WARN_DIRECT_OBJC_ISA_USAGE = YES_ERROR;
				CLANG_WARN_DOCUMENTATION_COMMENTS = YES;
				CLANG_WARN_EMPTY_BODY = YES;
				CLANG_WARN_ENUM_CONVERSION = YES;
				CLANG_WARN_INFINITE_RECURSION = YES;
				CLANG_WARN_INT_CONVERSION = YES;
				CLANG_WARN_NON_LITERAL_NULL_CONVERSION = YES;
				CLANG_WARN_OBJC_LITERAL_CONVERSION = YES;
				CLANG_WARN_OBJC_ROOT_CLASS = YES_ERROR;
				CLANG_WARN_RANGE_LOOP_ANALYSIS = YES;
				CLANG_WARN_STRICT_PROTOTYPES = YES;
				CLANG_WARN_SUSPICIOUS_MOVE = YES;
				CLANG_WARN_UNGUARDED_AVAILABILITY = YES_AGGRESSIVE;
				CLANG_WARN_UNREACHABLE_CODE = YES;
				CLANG_WARN__DUPLICATE_METHOD_MATCH = YES;
				CODE_SIGN_IDENTITY = "iPhone Developer";
				COPY_PHASE_STRIP = NO;
				DEBUG_INFORMATION_FORMAT = "dwarf-with-dsym";
				ENABLE_NS_ASSERTIONS = NO;
				ENABLE_STRICT_OBJC_MSGSEND = YES;
				GCC_C_LANGUAGE_STANDARD = gnu11;
				GCC_NO_COMMON_BLOCKS = YES;
				GCC_WARN_64_TO_32_BIT_CONVERSION = YES;
				GCC_WARN_ABOUT_RETURN_TYPE = YES_ERROR;
				GCC_WARN_UNDECLARED_SELECTOR = YES;
				GCC_WARN_UNINITIALIZED_AUTOS = YES_AGGRESSIVE;
				GCC_WARN_UNUSED_FUNCTION = YES;
				GCC_WARN_UNUSED_VARIABLE = YES;
				IPHONEOS_DEPLOYMENT_TARGET = 10.0;
				MTL_ENABLE_DEBUG_INFO = NO;
				SDKROOT = iphoneos;
				SWIFT_OPTIMIZATION_LEVEL = "-Owholemodule";
				VALIDATE_PRODUCT = YES;
			};
			name = Release;
		};
		3C9E4DF91F56C550002ABA7F /* Debug */ = {
			isa = XCBuildConfiguration;
			buildSettings = {
				ASSETCATALOG_COMPILER_APPICON_NAME = AppIcon;
				CODE_SIGN_STYLE = Automatic;
				DEVELOPMENT_TEAM = JP5YDXJS2P;
				INFOPLIST_FILE = Pokemon/Info.plist;
				LD_RUNPATH_SEARCH_PATHS = "$(inherited) @executable_path/Frameworks";
				PRODUCT_BUNDLE_IDENTIFIER = nz.co.danwallace.Pokemon;
				PRODUCT_NAME = "$(TARGET_NAME)";
				SWIFT_VERSION = 4.0;
				TARGETED_DEVICE_FAMILY = "1,2";
			};
			name = Debug;
		};
		3C9E4DFA1F56C550002ABA7F /* Release */ = {
			isa = XCBuildConfiguration;
			buildSettings = {
				ASSETCATALOG_COMPILER_APPICON_NAME = AppIcon;
				CODE_SIGN_STYLE = Automatic;
				DEVELOPMENT_TEAM = JP5YDXJS2P;
				INFOPLIST_FILE = Pokemon/Info.plist;
				LD_RUNPATH_SEARCH_PATHS = "$(inherited) @executable_path/Frameworks";
				PRODUCT_BUNDLE_IDENTIFIER = nz.co.danwallace.Pokemon;
				PRODUCT_NAME = "$(TARGET_NAME)";
				SWIFT_VERSION = 4.0;
				TARGETED_DEVICE_FAMILY = "1,2";
			};
			name = Release;
		};
		3C9E4DFC1F56C550002ABA7F /* Debug */ = {
			isa = XCBuildConfiguration;
			buildSettings = {
				ALWAYS_EMBED_SWIFT_STANDARD_LIBRARIES = YES;
				BUNDLE_LOADER = "$(TEST_HOST)";
				CODE_SIGN_STYLE = Automatic;
				DEVELOPMENT_TEAM = JP5YDXJS2P;
				INFOPLIST_FILE = PokemonTests/Info.plist;
				LD_RUNPATH_SEARCH_PATHS = "$(inherited) @executable_path/Frameworks @loader_path/Frameworks";
				PRODUCT_BUNDLE_IDENTIFIER = nz.co.danwallace.PokemonTests;
				PRODUCT_NAME = "$(TARGET_NAME)";
				SWIFT_VERSION = 4.0;
				TARGETED_DEVICE_FAMILY = "1,2";
				TEST_HOST = "$(BUILT_PRODUCTS_DIR)/Pokemon.app/Pokemon";
			};
			name = Debug;
		};
		3C9E4DFD1F56C550002ABA7F /* Release */ = {
			isa = XCBuildConfiguration;
			buildSettings = {
				ALWAYS_EMBED_SWIFT_STANDARD_LIBRARIES = YES;
				BUNDLE_LOADER = "$(TEST_HOST)";
				CODE_SIGN_STYLE = Automatic;
				DEVELOPMENT_TEAM = JP5YDXJS2P;
				INFOPLIST_FILE = PokemonTests/Info.plist;
				LD_RUNPATH_SEARCH_PATHS = "$(inherited) @executable_path/Frameworks @loader_path/Frameworks";
				PRODUCT_BUNDLE_IDENTIFIER = nz.co.danwallace.PokemonTests;
				PRODUCT_NAME = "$(TARGET_NAME)";
				SWIFT_VERSION = 4.0;
				TARGETED_DEVICE_FAMILY = "1,2";
				TEST_HOST = "$(BUILT_PRODUCTS_DIR)/Pokemon.app/Pokemon";
			};
			name = Release;
		};
/* End XCBuildConfiguration section */

/* Begin XCConfigurationList section */
		3C9E4DD61F56C550002ABA7F /* Build configuration list for PBXProject "Pokemon" */ = {
			isa = XCConfigurationList;
			buildConfigurations = (
				3C9E4DF61F56C550002ABA7F /* Debug */,
				3C9E4DF71F56C550002ABA7F /* Release */,
			);
			defaultConfigurationIsVisible = 0;
			defaultConfigurationName = Release;
		};
		3C9E4DF81F56C550002ABA7F /* Build configuration list for PBXNativeTarget "Pokemon" */ = {
			isa = XCConfigurationList;
			buildConfigurations = (
				3C9E4DF91F56C550002ABA7F /* Debug */,
				3C9E4DFA1F56C550002ABA7F /* Release */,
			);
			defaultConfigurationIsVisible = 0;
			defaultConfigurationName = Release;
		};
		3C9E4DFB1F56C550002ABA7F /* Build configuration list for PBXNativeTarget "PokemonTests" */ = {
			isa = XCConfigurationList;
			buildConfigurations = (
				3C9E4DFC1F56C550002ABA7F /* Debug */,
				3C9E4DFD1F56C550002ABA7F /* Release */,
			);
			defaultConfigurationIsVisible = 0;
			defaultConfigurationName = Release;
		};
/* End XCConfigurationList section */
	};
	rootObject = 3C9E4DD31F56C550002ABA7F /* Project object */;
}
